
Microsoft Visual Studio Solution File, Format Version 12.00
# Visual Studio Version 16
VisualStudioVersion = 16.0.32002.261
MinimumVisualStudioVersion = 10.0.40219.1
Project("{FAE04EC0-301F-11D3-BF4B-00C04F79EFBC}") = "Curs07_CENTRIC", "Curs07_CENTRIC\Curs07_CENTRIC.csproj", "{2DAED836-DDC0-4127-9617-C4884BC42F5B}"
EndProject
Global
	GlobalSection(SolutionConfigurationPlatforms) = preSolution
		Debug|Any CPU = Debug|Any CPU
		Release|Any CPU = Release|Any CPU
	EndGlobalSection
	GlobalSection(ProjectConfigurationPlatforms) = postSolution
		{2DAED836-DDC0-4127-9617-C4884BC42F5B}.Debug|Any CPU.ActiveCfg = Debug|Any CPU
		{2DAED836-DDC0-4127-9617-C4884BC42F5B}.Debug|Any CPU.Build.0 = Debug|Any CPU
		{2DAED836-DDC0-4127-9617-C4884BC42F5B}.Release|Any CPU.ActiveCfg = Release|Any CPU
		{2DAED836-DDC0-4127-9617-C4884BC42F5B}.Release|Any CPU.Build.0 = Release|Any CPU
	EndGlobalSection
	GlobalSection(SolutionProperties) = preSolution
		HideSolutionNode = FALSE
	EndGlobalSection
	GlobalSection(ExtensibilityGlobals) = postSolution
		SolutionGuid = {EC221656-E9DD-4DF4-8CCC-EFE1DD979A41}
	EndGlobalSection
EndGlobal
